// !$*UTF8*$!
{
	archiveVersion = 1;
	classes = {
	};
	objectVersion = 56;
	objects = {

/* Begin PBXBuildFile section */
		710429782B459984008A80DE /* AppDelegate.swift in Sources */ = {isa = PBXBuildFile; fileRef = 710429772B459984008A80DE /* AppDelegate.swift */; };
		7104297A2B459984008A80DE /* GameScene.sks in Resources */ = {isa = PBXBuildFile; fileRef = 710429792B459984008A80DE /* GameScene.sks */; };
		7104297C2B459984008A80DE /* Actions.sks in Resources */ = {isa = PBXBuildFile; fileRef = 7104297B2B459984008A80DE /* Actions.sks */; };
		7104297E2B459984008A80DE /* GameScene.swift in Sources */ = {isa = PBXBuildFile; fileRef = 7104297D2B459984008A80DE /* GameScene.swift */; };
		710429802B459984008A80DE /* GameViewController.swift in Sources */ = {isa = PBXBuildFile; fileRef = 7104297F2B459984008A80DE /* GameViewController.swift */; };
		710429832B459984008A80DE /* Main.storyboard in Resources */ = {isa = PBXBuildFile; fileRef = 710429812B459984008A80DE /* Main.storyboard */; };
		710429852B459985008A80DE /* Assets.xcassets in Resources */ = {isa = PBXBuildFile; fileRef = 710429842B459985008A80DE /* Assets.xcassets */; };
		710429882B459985008A80DE /* LaunchScreen.storyboard in Resources */ = {isa = PBXBuildFile; fileRef = 710429862B459985008A80DE /* LaunchScreen.storyboard */; };
		710429922B459985008A80DE /* SudokuTests.swift in Sources */ = {isa = PBXBuildFile; fileRef = 710429912B459985008A80DE /* SudokuTests.swift */; };
		7104299C2B459985008A80DE /* SudokuUITests.swift in Sources */ = {isa = PBXBuildFile; fileRef = 7104299B2B459985008A80DE /* SudokuUITests.swift */; };
		7104299E2B459985008A80DE /* SudokuUITestsLaunchTests.swift in Sources */ = {isa = PBXBuildFile; fileRef = 7104299D2B459985008A80DE /* SudokuUITestsLaunchTests.swift */; };
		710429AC2B45A66E008A80DE /* GameBoard.swift in Sources */ = {isa = PBXBuildFile; fileRef = 710429AB2B45A66E008A80DE /* GameBoard.swift */; };
		710429AE2B45A686008A80DE /* Tile.swift in Sources */ = {isa = PBXBuildFile; fileRef = 710429AD2B45A686008A80DE /* Tile.swift */; };
		710429B12B45A891008A80DE /* Line.swift in Sources */ = {isa = PBXBuildFile; fileRef = 710429B02B45A891008A80DE /* Line.swift */; };
		710429B62B45B8FE008A80DE /* BoardInput.swift in Sources */ = {isa = PBXBuildFile; fileRef = 710429B52B45B8FE008A80DE /* BoardInput.swift */; };
/* End PBXBuildFile section */

/* Begin PBXContainerItemProxy section */
		7104298E2B459985008A80DE /* PBXContainerItemProxy */ = {
			isa = PBXContainerItemProxy;
			containerPortal = 7104296C2B459984008A80DE /* Project object */;
			proxyType = 1;
			remoteGlobalIDString = 710429732B459984008A80DE;
			remoteInfo = Sudoku;
		};
		710429982B459985008A80DE /* PBXContainerItemProxy */ = {
			isa = PBXContainerItemProxy;
			containerPortal = 7104296C2B459984008A80DE /* Project object */;
			proxyType = 1;
			remoteGlobalIDString = 710429732B459984008A80DE;
			remoteInfo = Sudoku;
		};
/* End PBXContainerItemProxy section */

/* Begin PBXFileReference section */
		710429742B459984008A80DE /* Sudoku.app */ = {isa = PBXFileReference; explicitFileType = wrapper.application; includeInIndex = 0; path = Sudoku.app; sourceTree = BUILT_PRODUCTS_DIR; };
		710429772B459984008A80DE /* AppDelegate.swift */ = {isa = PBXFileReference; lastKnownFileType = sourcecode.swift; path = AppDelegate.swift; sourceTree = "<group>"; };
		710429792B459984008A80DE /* GameScene.sks */ = {isa = PBXFileReference; lastKnownFileType = file.sks; path = GameScene.sks; sourceTree = "<group>"; };
		7104297B2B459984008A80DE /* Actions.sks */ = {isa = PBXFileReference; lastKnownFileType = file.sks; path = Actions.sks; sourceTree = "<group>"; };
		7104297D2B459984008A80DE /* GameScene.swift */ = {isa = PBXFileReference; lastKnownFileType = sourcecode.swift; path = GameScene.swift; sourceTree = "<group>"; };
		7104297F2B459984008A80DE /* GameViewController.swift */ = {isa = PBXFileReference; lastKnownFileType = sourcecode.swift; path = GameViewController.swift; sourceTree = "<group>"; };
		710429822B459984008A80DE /* Base */ = {isa = PBXFileReference; lastKnownFileType = file.storyboard; name = Base; path = Base.lproj/Main.storyboard; sourceTree = "<group>"; };
		710429842B459985008A80DE /* Assets.xcassets */ = {isa = PBXFileReference; lastKnownFileType = folder.assetcatalog; path = Assets.xcassets; sourceTree = "<group>"; };
		710429872B459985008A80DE /* Base */ = {isa = PBXFileReference; lastKnownFileType = file.storyboard; name = Base; path = Base.lproj/LaunchScreen.storyboard; sourceTree = "<group>"; };
		7104298D2B459985008A80DE /* SudokuTests.xctest */ = {isa = PBXFileReference; explicitFileType = wrapper.cfbundle; includeInIndex = 0; path = SudokuTests.xctest; sourceTree = BUILT_PRODUCTS_DIR; };
		710429912B459985008A80DE /* SudokuTests.swift */ = {isa = PBXFileReference; lastKnownFileType = sourcecode.swift; path = SudokuTests.swift; sourceTree = "<group>"; };
		710429972B459985008A80DE /* SudokuUITests.xctest */ = {isa = PBXFileReference; explicitFileType = wrapper.cfbundle; includeInIndex = 0; path = SudokuUITests.xctest; sourceTree = BUILT_PRODUCTS_DIR; };
		7104299B2B459985008A80DE /* SudokuUITests.swift */ = {isa = PBXFileReference; lastKnownFileType = sourcecode.swift; path = SudokuUITests.swift; sourceTree = "<group>"; };
		7104299D2B459985008A80DE /* SudokuUITestsLaunchTests.swift */ = {isa = PBXFileReference; lastKnownFileType = sourcecode.swift; path = SudokuUITestsLaunchTests.swift; sourceTree = "<group>"; };
		710429AB2B45A66E008A80DE /* GameBoard.swift */ = {isa = PBXFileReference; lastKnownFileType = sourcecode.swift; path = GameBoard.swift; sourceTree = "<group>"; };
		710429AD2B45A686008A80DE /* Tile.swift */ = {isa = PBXFileReference; lastKnownFileType = sourcecode.swift; path = Tile.swift; sourceTree = "<group>"; };
		710429B02B45A891008A80DE /* Line.swift */ = {isa = PBXFileReference; lastKnownFileType = sourcecode.swift; path = Line.swift; sourceTree = "<group>"; };
		710429B52B45B8FE008A80DE /* BoardInput.swift */ = {isa = PBXFileReference; lastKnownFileType = sourcecode.swift; path = BoardInput.swift; sourceTree = "<group>"; };
/* End PBXFileReference section */

/* Begin PBXFrameworksBuildPhase section */
		710429712B459984008A80DE /* Frameworks */ = {
			isa = PBXFrameworksBuildPhase;
			buildActionMask = 2147483647;
			files = (
			);
			runOnlyForDeploymentPostprocessing = 0;
		};
		7104298A2B459985008A80DE /* Frameworks */ = {
			isa = PBXFrameworksBuildPhase;
			buildActionMask = 2147483647;
			files = (
			);
			runOnlyForDeploymentPostprocessing = 0;
		};
		710429942B459985008A80DE /* Frameworks */ = {
			isa = PBXFrameworksBuildPhase;
			buildActionMask = 2147483647;
			files = (
			);
			runOnlyForDeploymentPostprocessing = 0;
		};
/* End PBXFrameworksBuildPhase section */

/* Begin PBXGroup section */
		7104296B2B459984008A80DE = {
			isa = PBXGroup;
			children = (
				710429762B459984008A80DE /* Sudoku */,
				710429902B459985008A80DE /* SudokuTests */,
				7104299A2B459985008A80DE /* SudokuUITests */,
				710429752B459984008A80DE /* Products */,
			);
			sourceTree = "<group>";
		};
		710429752B459984008A80DE /* Products */ = {
			isa = PBXGroup;
			children = (
				710429742B459984008A80DE /* Sudoku.app */,
				7104298D2B459985008A80DE /* SudokuTests.xctest */,
				710429972B459985008A80DE /* SudokuUITests.xctest */,
			);
			name = Products;
			sourceTree = "<group>";
		};
		710429762B459984008A80DE /* Sudoku */ = {
			isa = PBXGroup;
			children = (
				710429B42B45B8D1008A80DE /* Scenes */,
				710429B32B45B8C0008A80DE /* Resources */,
				710429B22B45B8B2008A80DE /* Application */,
				710429AF2B45A889008A80DE /* Common */,
				7104297F2B459984008A80DE /* GameViewController.swift */,
			);
			path = Sudoku;
			sourceTree = "<group>";
		};
		710429902B459985008A80DE /* SudokuTests */ = {
			isa = PBXGroup;
			children = (
				710429912B459985008A80DE /* SudokuTests.swift */,
			);
			path = SudokuTests;
			sourceTree = "<group>";
		};
		7104299A2B459985008A80DE /* SudokuUITests */ = {
			isa = PBXGroup;
			children = (
				7104299B2B459985008A80DE /* SudokuUITests.swift */,
				7104299D2B459985008A80DE /* SudokuUITestsLaunchTests.swift */,
			);
			path = SudokuUITests;
			sourceTree = "<group>";
		};
		710429AA2B45A667008A80DE /* GameBoard */ = {
			isa = PBXGroup;
			children = (
				710429AB2B45A66E008A80DE /* GameBoard.swift */,
				710429AD2B45A686008A80DE /* Tile.swift */,
			);
			path = GameBoard;
			sourceTree = "<group>";
		};
		710429AF2B45A889008A80DE /* Common */ = {
			isa = PBXGroup;
			children = (
				710429B02B45A891008A80DE /* Line.swift */,
			);
			path = Common;
			sourceTree = "<group>";
		};
		710429B22B45B8B2008A80DE /* Application */ = {
			isa = PBXGroup;
			children = (
				710429862B459985008A80DE /* LaunchScreen.storyboard */,
				710429772B459984008A80DE /* AppDelegate.swift */,
				710429812B459984008A80DE /* Main.storyboard */,
			);
			path = Application;
			sourceTree = "<group>";
		};
		710429B32B45B8C0008A80DE /* Resources */ = {
			isa = PBXGroup;
			children = (
				710429842B459985008A80DE /* Assets.xcassets */,
				7104297B2B459984008A80DE /* Actions.sks */,
			);
			path = Resources;
			sourceTree = "<group>";
		};
		710429B42B45B8D1008A80DE /* Scenes */ = {
			isa = PBXGroup;
			children = (
				710429AA2B45A667008A80DE /* GameBoard */,
				710429792B459984008A80DE /* GameScene.sks */,
				7104297D2B459984008A80DE /* GameScene.swift */,
				710429B52B45B8FE008A80DE /* BoardInput.swift */,
			);
			path = Scenes;
			sourceTree = "<group>";
		};
/* End PBXGroup section */

/* Begin PBXNativeTarget section */
		710429732B459984008A80DE /* Sudoku */ = {
			isa = PBXNativeTarget;
			buildConfigurationList = 710429A12B459985008A80DE /* Build configuration list for PBXNativeTarget "Sudoku" */;
			buildPhases = (
				710429702B459984008A80DE /* Sources */,
				710429712B459984008A80DE /* Frameworks */,
				710429722B459984008A80DE /* Resources */,
			);
			buildRules = (
			);
			dependencies = (
			);
			name = Sudoku;
			productName = Sudoku;
			productReference = 710429742B459984008A80DE /* Sudoku.app */;
			productType = "com.apple.product-type.application";
		};
		7104298C2B459985008A80DE /* SudokuTests */ = {
			isa = PBXNativeTarget;
			buildConfigurationList = 710429A42B459985008A80DE /* Build configuration list for PBXNativeTarget "SudokuTests" */;
			buildPhases = (
				710429892B459985008A80DE /* Sources */,
				7104298A2B459985008A80DE /* Frameworks */,
				7104298B2B459985008A80DE /* Resources */,
			);
			buildRules = (
			);
			dependencies = (
				7104298F2B459985008A80DE /* PBXTargetDependency */,
			);
			name = SudokuTests;
			productName = SudokuTests;
			productReference = 7104298D2B459985008A80DE /* SudokuTests.xctest */;
			productType = "com.apple.product-type.bundle.unit-test";
		};
		710429962B459985008A80DE /* SudokuUITests */ = {
			isa = PBXNativeTarget;
			buildConfigurationList = 710429A72B459985008A80DE /* Build configuration list for PBXNativeTarget "SudokuUITests" */;
			buildPhases = (
				710429932B459985008A80DE /* Sources */,
				710429942B459985008A80DE /* Frameworks */,
				710429952B459985008A80DE /* Resources */,
			);
			buildRules = (
			);
			dependencies = (
				710429992B459985008A80DE /* PBXTargetDependency */,
			);
			name = SudokuUITests;
			productName = SudokuUITests;
			productReference = 710429972B459985008A80DE /* SudokuUITests.xctest */;
			productType = "com.apple.product-type.bundle.ui-testing";
		};
/* End PBXNativeTarget section */

/* Begin PBXProject section */
		7104296C2B459984008A80DE /* Project object */ = {
			isa = PBXProject;
			attributes = {
				BuildIndependentTargetsInParallel = 1;
				LastSwiftUpdateCheck = 1510;
				LastUpgradeCheck = 1510;
				TargetAttributes = {
					710429732B459984008A80DE = {
						CreatedOnToolsVersion = 15.1;
					};
					7104298C2B459985008A80DE = {
						CreatedOnToolsVersion = 15.1;
						TestTargetID = 710429732B459984008A80DE;
					};
					710429962B459985008A80DE = {
						CreatedOnToolsVersion = 15.1;
						TestTargetID = 710429732B459984008A80DE;
					};
				};
			};
			buildConfigurationList = 7104296F2B459984008A80DE /* Build configuration list for PBXProject "Sudoku" */;
			compatibilityVersion = "Xcode 14.0";
			developmentRegion = en;
			hasScannedForEncodings = 0;
			knownRegions = (
				en,
				Base,
			);
			mainGroup = 7104296B2B459984008A80DE;
			productRefGroup = 710429752B459984008A80DE /* Products */;
			projectDirPath = "";
			projectRoot = "";
			targets = (
				710429732B459984008A80DE /* Sudoku */,
				7104298C2B459985008A80DE /* SudokuTests */,
				710429962B459985008A80DE /* SudokuUITests */,
			);
		};
/* End PBXProject section */

/* Begin PBXResourcesBuildPhase section */
		710429722B459984008A80DE /* Resources */ = {
			isa = PBXResourcesBuildPhase;
			buildActionMask = 2147483647;
			files = (
				710429832B459984008A80DE /* Main.storyboard in Resources */,
				7104297A2B459984008A80DE /* GameScene.sks in Resources */,
				710429852B459985008A80DE /* Assets.xcassets in Resources */,
				710429882B459985008A80DE /* LaunchScreen.storyboard in Resources */,
				7104297C2B459984008A80DE /* Actions.sks in Resources */,
			);
			runOnlyForDeploymentPostprocessing = 0;
		};
		7104298B2B459985008A80DE /* Resources */ = {
			isa = PBXResourcesBuildPhase;
			buildActionMask = 2147483647;
			files = (
			);
			runOnlyForDeploymentPostprocessing = 0;
		};
		710429952B459985008A80DE /* Resources */ = {
			isa = PBXResourcesBuildPhase;
			buildActionMask = 2147483647;
			files = (
			);
			runOnlyForDeploymentPostprocessing = 0;
		};
/* End PBXResourcesBuildPhase section */

/* Begin PBXSourcesBuildPhase section */
		710429702B459984008A80DE /* Sources */ = {
			isa = PBXSourcesBuildPhase;
			buildActionMask = 2147483647;
			files = (
				710429AC2B45A66E008A80DE /* GameBoard.swift in Sources */,
				7104297E2B459984008A80DE /* GameScene.swift in Sources */,
				710429B62B45B8FE008A80DE /* BoardInput.swift in Sources */,
				710429AE2B45A686008A80DE /* Tile.swift in Sources */,
				710429B12B45A891008A80DE /* Line.swift in Sources */,
				710429802B459984008A80DE /* GameViewController.swift in Sources */,
				710429782B459984008A80DE /* AppDelegate.swift in Sources */,
			);
			runOnlyForDeploymentPostprocessing = 0;
		};
		710429892B459985008A80DE /* Sources */ = {
			isa = PBXSourcesBuildPhase;
			buildActionMask = 2147483647;
			files = (
				710429922B459985008A80DE /* SudokuTests.swift in Sources */,
			);
			runOnlyForDeploymentPostprocessing = 0;
		};
		710429932B459985008A80DE /* Sources */ = {
			isa = PBXSourcesBuildPhase;
			buildActionMask = 2147483647;
			files = (
				7104299C2B459985008A80DE /* SudokuUITests.swift in Sources */,
				7104299E2B459985008A80DE /* SudokuUITestsLaunchTests.swift in Sources */,
			);
			runOnlyForDeploymentPostprocessing = 0;
		};
/* End PBXSourcesBuildPhase section */

/* Begin PBXTargetDependency section */
		7104298F2B459985008A80DE /* PBXTargetDependency */ = {
			isa = PBXTargetDependency;
			target = 710429732B459984008A80DE /* Sudoku */;
			targetProxy = 7104298E2B459985008A80DE /* PBXContainerItemProxy */;
		};
		710429992B459985008A80DE /* PBXTargetDependency */ = {
			isa = PBXTargetDependency;
			target = 710429732B459984008A80DE /* Sudoku */;
			targetProxy = 710429982B459985008A80DE /* PBXContainerItemProxy */;
		};
/* End PBXTargetDependency section */

/* Begin PBXVariantGroup section */
		710429812B459984008A80DE /* Main.storyboard */ = {
			isa = PBXVariantGroup;
			children = (
				710429822B459984008A80DE /* Base */,
			);
			name = Main.storyboard;
			sourceTree = "<group>";
		};
		710429862B459985008A80DE /* LaunchScreen.storyboard */ = {
			isa = PBXVariantGroup;
			children = (
				710429872B459985008A80DE /* Base */,
			);
			name = LaunchScreen.storyboard;
			sourceTree = "<group>";
		};
/* End PBXVariantGroup section */

/* Begin XCBuildConfiguration section */
		7104299F2B459985008A80DE /* Debug */ = {
			isa = XCBuildConfiguration;
			buildSettings = {
				ALWAYS_SEARCH_USER_PATHS = NO;
				ASSETCATALOG_COMPILER_GENERATE_SWIFT_ASSET_SYMBOL_EXTENSIONS = YES;
				CLANG_ANALYZER_NONNULL = YES;
				CLANG_ANALYZER_NUMBER_OBJECT_CONVERSION = YES_AGGRESSIVE;
				CLANG_CXX_LANGUAGE_STANDARD = "gnu++20";
				CLANG_ENABLE_MODULES = YES;
				CLANG_ENABLE_OBJC_ARC = YES;
				CLANG_ENABLE_OBJC_WEAK = YES;
				CLANG_WARN_BLOCK_CAPTURE_AUTORELEASING = YES;
				CLANG_WARN_BOOL_CONVERSION = YES;
				CLANG_WARN_COMMA = YES;
				CLANG_WARN_CONSTANT_CONVERSION = YES;
				CLANG_WARN_DEPRECATED_OBJC_IMPLEMENTATIONS = YES;
				CLANG_WARN_DIRECT_OBJC_ISA_USAGE = YES_ERROR;
				CLANG_WARN_DOCUMENTATION_COMMENTS = YES;
				CLANG_WARN_EMPTY_BODY = YES;
				CLANG_WARN_ENUM_CONVERSION = YES;
				CLANG_WARN_INFINITE_RECURSION = YES;
				CLANG_WARN_INT_CONVERSION = YES;
				CLANG_WARN_NON_LITERAL_NULL_CONVERSION = YES;
				CLANG_WARN_OBJC_IMPLICIT_RETAIN_SELF = YES;
				CLANG_WARN_OBJC_LITERAL_CONVERSION = YES;
				CLANG_WARN_OBJC_ROOT_CLASS = YES_ERROR;
				CLANG_WARN_QUOTED_INCLUDE_IN_FRAMEWORK_HEADER = YES;
				CLANG_WARN_RANGE_LOOP_ANALYSIS = YES;
				CLANG_WARN_STRICT_PROTOTYPES = YES;
				CLANG_WARN_SUSPICIOUS_MOVE = YES;
				CLANG_WARN_UNGUARDED_AVAILABILITY = YES_AGGRESSIVE;
				CLANG_WARN_UNREACHABLE_CODE = YES;
				CLANG_WARN__DUPLICATE_METHOD_MATCH = YES;
				COPY_PHASE_STRIP = NO;
				DEBUG_INFORMATION_FORMAT = dwarf;
				ENABLE_STRICT_OBJC_MSGSEND = YES;
				ENABLE_TESTABILITY = YES;
				ENABLE_USER_SCRIPT_SANDBOXING = YES;
				GCC_C_LANGUAGE_STANDARD = gnu17;
				GCC_DYNAMIC_NO_PIC = NO;
				GCC_NO_COMMON_BLOCKS = YES;
				GCC_OPTIMIZATION_LEVEL = 0;
				GCC_PREPROCESSOR_DEFINITIONS = (
					"DEBUG=1",
					"$(inherited)",
				);
				GCC_WARN_64_TO_32_BIT_CONVERSION = YES;
				GCC_WARN_ABOUT_RETURN_TYPE = YES_ERROR;
				GCC_WARN_UNDECLARED_SELECTOR = YES;
				GCC_WARN_UNINITIALIZED_AUTOS = YES_AGGRESSIVE;
				GCC_WARN_UNUSED_FUNCTION = YES;
				GCC_WARN_UNUSED_VARIABLE = YES;
				IPHONEOS_DEPLOYMENT_TARGET = 17.2;
				LOCALIZATION_PREFERS_STRING_CATALOGS = YES;
				MTL_ENABLE_DEBUG_INFO = INCLUDE_SOURCE;
				MTL_FAST_MATH = YES;
				ONLY_ACTIVE_ARCH = YES;
				SDKROOT = iphoneos;
				SWIFT_ACTIVE_COMPILATION_CONDITIONS = "DEBUG $(inherited)";
				SWIFT_OPTIMIZATION_LEVEL = "-Onone";
			};
			name = Debug;
		};
		710429A02B459985008A80DE /* Release */ = {
			isa = XCBuildConfiguration;
			buildSettings = {
				ALWAYS_SEARCH_USER_PATHS = NO;
				ASSETCATALOG_COMPILER_GENERATE_SWIFT_ASSET_SYMBOL_EXTENSIONS = YES;
				CLANG_ANALYZER_NONNULL = YES;
				CLANG_ANALYZER_NUMBER_OBJECT_CONVERSION = YES_AGGRESSIVE;
				CLANG_CXX_LANGUAGE_STANDARD = "gnu++20";
				CLANG_ENABLE_MODULES = YES;
				CLANG_ENABLE_OBJC_ARC = YES;
				CLANG_ENABLE_OBJC_WEAK = YES;
				CLANG_WARN_BLOCK_CAPTURE_AUTORELEASING = YES;
				CLANG_WARN_BOOL_CONVERSION = YES;
				CLANG_WARN_COMMA = YES;
				CLANG_WARN_CONSTANT_CONVERSION = YES;
				CLANG_WARN_DEPRECATED_OBJC_IMPLEMENTATIONS = YES;
				CLANG_WARN_DIRECT_OBJC_ISA_USAGE = YES_ERROR;
				CLANG_WARN_DOCUMENTATION_COMMENTS = YES;
				CLANG_WARN_EMPTY_BODY = YES;
				CLANG_WARN_ENUM_CONVERSION = YES;
				CLANG_WARN_INFINITE_RECURSION = YES;
				CLANG_WARN_INT_CONVERSION = YES;
				CLANG_WARN_NON_LITERAL_NULL_CONVERSION = YES;
				CLANG_WARN_OBJC_IMPLICIT_RETAIN_SELF = YES;
				CLANG_WARN_OBJC_LITERAL_CONVERSION = YES;
				CLANG_WARN_OBJC_ROOT_CLASS = YES_ERROR;
				CLANG_WARN_QUOTED_INCLUDE_IN_FRAMEWORK_HEADER = YES;
				CLANG_WARN_RANGE_LOOP_ANALYSIS = YES;
				CLANG_WARN_STRICT_PROTOTYPES = YES;
				CLANG_WARN_SUSPICIOUS_MOVE = YES;
				CLANG_WARN_UNGUARDED_AVAILABILITY = YES_AGGRESSIVE;
				CLANG_WARN_UNREACHABLE_CODE = YES;
				CLANG_WARN__DUPLICATE_METHOD_MATCH = YES;
				COPY_PHASE_STRIP = NO;
				DEBUG_INFORMATION_FORMAT = "dwarf-with-dsym";
				ENABLE_NS_ASSERTIONS = NO;
				ENABLE_STRICT_OBJC_MSGSEND = YES;
				ENABLE_USER_SCRIPT_SANDBOXING = YES;
				GCC_C_LANGUAGE_STANDARD = gnu17;
				GCC_NO_COMMON_BLOCKS = YES;
				GCC_WARN_64_TO_32_BIT_CONVERSION = YES;
				GCC_WARN_ABOUT_RETURN_TYPE = YES_ERROR;
				GCC_WARN_UNDECLARED_SELECTOR = YES;
				GCC_WARN_UNINITIALIZED_AUTOS = YES_AGGRESSIVE;
				GCC_WARN_UNUSED_FUNCTION = YES;
				GCC_WARN_UNUSED_VARIABLE = YES;
				IPHONEOS_DEPLOYMENT_TARGET = 17.2;
				LOCALIZATION_PREFERS_STRING_CATALOGS = YES;
				MTL_ENABLE_DEBUG_INFO = NO;
				MTL_FAST_MATH = YES;
				SDKROOT = iphoneos;
				SWIFT_COMPILATION_MODE = wholemodule;
				VALIDATE_PRODUCT = YES;
			};
			name = Release;
		};
		710429A22B459985008A80DE /* Debug */ = {
			isa = XCBuildConfiguration;
			buildSettings = {
				ASSETCATALOG_COMPILER_APPICON_NAME = AppIcon;
				ASSETCATALOG_COMPILER_GLOBAL_ACCENT_COLOR_NAME = AccentColor;
				CODE_SIGN_STYLE = Automatic;
				CURRENT_PROJECT_VERSION = 1;
				DEVELOPMENT_TEAM = 86W8SMN64A;
				GENERATE_INFOPLIST_FILE = YES;
				INFOPLIST_KEY_UIApplicationSupportsIndirectInputEvents = YES;
				INFOPLIST_KEY_UILaunchStoryboardName = LaunchScreen;
				INFOPLIST_KEY_UIMainStoryboardFile = Main;
				INFOPLIST_KEY_UIStatusBarHidden = YES;
				INFOPLIST_KEY_UISupportedInterfaceOrientations_iPad = "UIInterfaceOrientationPortrait UIInterfaceOrientationPortraitUpsideDown UIInterfaceOrientationLandscapeLeft UIInterfaceOrientationLandscapeRight";
				INFOPLIST_KEY_UISupportedInterfaceOrientations_iPhone = "UIInterfaceOrientationPortrait UIInterfaceOrientationLandscapeLeft UIInterfaceOrientationLandscapeRight";
				LD_RUNPATH_SEARCH_PATHS = (
					"$(inherited)",
					"@executable_path/Frameworks",
				);
				MARKETING_VERSION = 1.0;
				PRODUCT_BUNDLE_IDENTIFIER = com.beaxhem.Sudoku;
				PRODUCT_NAME = "$(TARGET_NAME)";
				SWIFT_EMIT_LOC_STRINGS = YES;
				SWIFT_VERSION = 5.0;
				TARGETED_DEVICE_FAMILY = "1,2";
			};
			name = Debug;
		};
		710429A32B459985008A80DE /* Release */ = {
			isa = XCBuildConfiguration;
			buildSettings = {
				ASSETCATALOG_COMPILER_APPICON_NAME = AppIcon;
				ASSETCATALOG_COMPILER_GLOBAL_ACCENT_COLOR_NAME = AccentColor;
				CODE_SIGN_STYLE = Automatic;
				CURRENT_PROJECT_VERSION = 1;
				DEVELOPMENT_TEAM = 86W8SMN64A;
				GENERATE_INFOPLIST_FILE = YES;
				INFOPLIST_KEY_UIApplicationSupportsIndirectInputEvents = YES;
				INFOPLIST_KEY_UILaunchStoryboardName = LaunchScreen;
				INFOPLIST_KEY_UIMainStoryboardFile = Main;
				INFOPLIST_KEY_UIStatusBarHidden = YES;
				INFOPLIST_KEY_UISupportedInterfaceOrientations_iPad = "UIInterfaceOrientationPortrait UIInterfaceOrientationPortraitUpsideDown UIInterfaceOrientationLandscapeLeft UIInterfaceOrientationLandscapeRight";
				INFOPLIST_KEY_UISupportedInterfaceOrientations_iPhone = "UIInterfaceOrientationPortrait UIInterfaceOrientationLandscapeLeft UIInterfaceOrientationLandscapeRight";
				LD_RUNPATH_SEARCH_PATHS = (
					"$(inherited)",
					"@executable_path/Frameworks",
				);
				MARKETING_VERSION = 1.0;
				PRODUCT_BUNDLE_IDENTIFIER = com.beaxhem.Sudoku;
				PRODUCT_NAME = "$(TARGET_NAME)";
				SWIFT_EMIT_LOC_STRINGS = YES;
				SWIFT_VERSION = 5.0;
				TARGETED_DEVICE_FAMILY = "1,2";
			};
			name = Release;
		};
		710429A52B459985008A80DE /* Debug */ = {
			isa = XCBuildConfiguration;
			buildSettings = {
				ALWAYS_EMBED_SWIFT_STANDARD_LIBRARIES = YES;
				BUNDLE_LOADER = "$(TEST_HOST)";
				CODE_SIGN_STYLE = Automatic;
				CURRENT_PROJECT_VERSION = 1;
				DEVELOPMENT_TEAM = 86W8SMN64A;
				GENERATE_INFOPLIST_FILE = YES;
				IPHONEOS_DEPLOYMENT_TARGET = 17.2;
				MARKETING_VERSION = 1.0;
				PRODUCT_BUNDLE_IDENTIFIER = com.beaxhem.SudokuTests;
				PRODUCT_NAME = "$(TARGET_NAME)";
				SWIFT_EMIT_LOC_STRINGS = NO;
				SWIFT_VERSION = 5.0;
				TARGETED_DEVICE_FAMILY = "1,2";
				TEST_HOST = "$(BUILT_PRODUCTS_DIR)/Sudoku.app/$(BUNDLE_EXECUTABLE_FOLDER_PATH)/Sudoku";
			};
			name = Debug;
		};
		710429A62B459985008A80DE /* Release */ = {
			isa = XCBuildConfiguration;
			buildSettings = {
				ALWAYS_EMBED_SWIFT_STANDARD_LIBRARIES = YES;
				BUNDLE_LOADER = "$(TEST_HOST)";
				CODE_SIGN_STYLE = Automatic;
				CURRENT_PROJECT_VERSION = 1;
				DEVELOPMENT_TEAM = 86W8SMN64A;
				GENERATE_INFOPLIST_FILE = YES;
				IPHONEOS_DEPLOYMENT_TARGET = 17.2;
				MARKETING_VERSION = 1.0;
				PRODUCT_BUNDLE_IDENTIFIER = com.beaxhem.SudokuTests;
				PRODUCT_NAME = "$(TARGET_NAME)";
				SWIFT_EMIT_LOC_STRINGS = NO;
				SWIFT_VERSION = 5.0;
				TARGETED_DEVICE_FAMILY = "1,2";
				TEST_HOST = "$(BUILT_PRODUCTS_DIR)/Sudoku.app/$(BUNDLE_EXECUTABLE_FOLDER_PATH)/Sudoku";
			};
			name = Release;
		};
		710429A82B459985008A80DE /* Debug */ = {
			isa = XCBuildConfiguration;
			buildSettings = {
				ALWAYS_EMBED_SWIFT_STANDARD_LIBRARIES = YES;
				CODE_SIGN_STYLE = Automatic;
				CURRENT_PROJECT_VERSION = 1;
				DEVELOPMENT_TEAM = 86W8SMN64A;
				GENERATE_INFOPLIST_FILE = YES;
				MARKETING_VERSION = 1.0;
				PRODUCT_BUNDLE_IDENTIFIER = com.beaxhem.SudokuUITests;
				PRODUCT_NAME = "$(TARGET_NAME)";
				SWIFT_EMIT_LOC_STRINGS = NO;
				SWIFT_VERSION = 5.0;
				TARGETED_DEVICE_FAMILY = "1,2";
				TEST_TARGET_NAME = Sudoku;
			};
			name = Debug;
		};
		710429A92B459985008A80DE /* Release */ = {
			isa = XCBuildConfiguration;
			buildSettings = {
				ALWAYS_EMBED_SWIFT_STANDARD_LIBRARIES = YES;
				CODE_SIGN_STYLE = Automatic;
				CURRENT_PROJECT_VERSION = 1;
				DEVELOPMENT_TEAM = 86W8SMN64A;
				GENERATE_INFOPLIST_FILE = YES;
				MARKETING_VERSION = 1.0;
				PRODUCT_BUNDLE_IDENTIFIER = com.beaxhem.SudokuUITests;
				PRODUCT_NAME = "$(TARGET_NAME)";
				SWIFT_EMIT_LOC_STRINGS = NO;
				SWIFT_VERSION = 5.0;
				TARGETED_DEVICE_FAMILY = "1,2";
				TEST_TARGET_NAME = Sudoku;
			};
			name = Release;
		};
/* End XCBuildConfiguration section */

/* Begin XCConfigurationList section */
		7104296F2B459984008A80DE /* Build configuration list for PBXProject "Sudoku" */ = {
			isa = XCConfigurationList;
			buildConfigurations = (
				7104299F2B459985008A80DE /* Debug */,
				710429A02B459985008A80DE /* Release */,
			);
			defaultConfigurationIsVisible = 0;
			defaultConfigurationName = Release;
		};
		710429A12B459985008A80DE /* Build configuration list for PBXNativeTarget "Sudoku" */ = {
			isa = XCConfigurationList;
			buildConfigurations = (
				710429A22B459985008A80DE /* Debug */,
				710429A32B459985008A80DE /* Release */,
			);
			defaultConfigurationIsVisible = 0;
			defaultConfigurationName = Release;
		};
		710429A42B459985008A80DE /* Build configuration list for PBXNativeTarget "SudokuTests" */ = {
			isa = XCConfigurationList;
			buildConfigurations = (
				710429A52B459985008A80DE /* Debug */,
				710429A62B459985008A80DE /* Release */,
			);
			defaultConfigurationIsVisible = 0;
			defaultConfigurationName = Release;
		};
		710429A72B459985008A80DE /* Build configuration list for PBXNativeTarget "SudokuUITests" */ = {
			isa = XCConfigurationList;
			buildConfigurations = (
				710429A82B459985008A80DE /* Debug */,
				710429A92B459985008A80DE /* Release */,
			);
			defaultConfigurationIsVisible = 0;
			defaultConfigurationName = Release;
		};
/* End XCConfigurationList section */
	};
	rootObject = 7104296C2B459984008A80DE /* Project object */;
}
